
Microsoft Visual Studio Solution File, Format Version 12.00
# Visual Studio Version 17
VisualStudioVersion = 17.0.31912.275
MinimumVisualStudioVersion = 10.0.40219.1
Project("{FAE04EC0-301F-11D3-BF4B-00C04F79EFBC}") = "SpaDayAgain", "SpaDayAgain\SpaDayAgain.csproj", "{ACCBEDCC-D733-4FF5-AD3E-D6E928FC8028}"
EndProject
Global
	GlobalSection(SolutionConfigurationPlatforms) = preSolution
		Debug|Any CPU = Debug|Any CPU
		Release|Any CPU = Release|Any CPU
	EndGlobalSection
	GlobalSection(ProjectConfigurationPlatforms) = postSolution
		{ACCBEDCC-D733-4FF5-AD3E-D6E928FC8028}.Debug|Any CPU.ActiveCfg = Debug|Any CPU
		{ACCBEDCC-D733-4FF5-AD3E-D6E928FC8028}.Debug|Any CPU.Build.0 = Debug|Any CPU
		{ACCBEDCC-D733-4FF5-AD3E-D6E928FC8028}.Release|Any CPU.ActiveCfg = Release|Any CPU
		{ACCBEDCC-D733-4FF5-AD3E-D6E928FC8028}.Release|Any CPU.Build.0 = Release|Any CPU
	EndGlobalSection
	GlobalSection(SolutionProperties) = preSolution
		HideSolutionNode = FALSE
	EndGlobalSection
	GlobalSection(ExtensibilityGlobals) = postSolution
		SolutionGuid = {A1F27D60-5551-4592-9BD5-E975D950A2A9}
	EndGlobalSection
EndGlobal
